// !$*UTF8*$!
{
	archiveVersion = 1;
	classes = {
	};
	objectVersion = 46;
	objects = {

/* Begin PBXBuildFile section */
		63F887F91E23035C008CB04F /* AppDelegate.swift in Sources */ = {isa = PBXBuildFile; fileRef = 63F887F81E23035C008CB04F /* AppDelegate.swift */; };
		63F887FB1E23035C008CB04F /* FirstViewController.swift in Sources */ = {isa = PBXBuildFile; fileRef = 63F887FA1E23035C008CB04F /* FirstViewController.swift */; };
		63F887FD1E23035C008CB04F /* SecondViewController.swift in Sources */ = {isa = PBXBuildFile; fileRef = 63F887FC1E23035C008CB04F /* SecondViewController.swift */; };
		63F888001E23035D008CB04F /* Main.storyboard in Resources */ = {isa = PBXBuildFile; fileRef = 63F887FE1E23035D008CB04F /* Main.storyboard */; };
		63F888021E23035D008CB04F /* Assets.xcassets in Resources */ = {isa = PBXBuildFile; fileRef = 63F888011E23035D008CB04F /* Assets.xcassets */; };
		63F888051E23035D008CB04F /* LaunchScreen.storyboard in Resources */ = {isa = PBXBuildFile; fileRef = 63F888031E23035D008CB04F /* LaunchScreen.storyboard */; };
		63F888101E23035D008CB04F /* MyBandTests.swift in Sources */ = {isa = PBXBuildFile; fileRef = 63F8880F1E23035D008CB04F /* MyBandTests.swift */; };
		63F8881B1E23035D008CB04F /* MyBandUITests.swift in Sources */ = {isa = PBXBuildFile; fileRef = 63F8881A1E23035D008CB04F /* MyBandUITests.swift */; };
/* End PBXBuildFile section */

/* Begin PBXContainerItemProxy section */
		63F8880C1E23035D008CB04F /* PBXContainerItemProxy */ = {
			isa = PBXContainerItemProxy;
			containerPortal = 63F887ED1E23035C008CB04F /* Project object */;
			proxyType = 1;
			remoteGlobalIDString = 63F887F41E23035C008CB04F;
			remoteInfo = MyBand;
		};
		63F888171E23035D008CB04F /* PBXContainerItemProxy */ = {
			isa = PBXContainerItemProxy;
			containerPortal = 63F887ED1E23035C008CB04F /* Project object */;
			proxyType = 1;
			remoteGlobalIDString = 63F887F41E23035C008CB04F;
			remoteInfo = MyBand;
		};
/* End PBXContainerItemProxy section */

/* Begin PBXFileReference section */
		63F887F51E23035C008CB04F /* MyBand.app */ = {isa = PBXFileReference; explicitFileType = wrapper.application; includeInIndex = 0; path = MyBand.app; sourceTree = BUILT_PRODUCTS_DIR; };
		63F887F81E23035C008CB04F /* AppDelegate.swift */ = {isa = PBXFileReference; lastKnownFileType = sourcecode.swift; path = AppDelegate.swift; sourceTree = "<group>"; };
		63F887FA1E23035C008CB04F /* FirstViewController.swift */ = {isa = PBXFileReference; lastKnownFileType = sourcecode.swift; path = FirstViewController.swift; sourceTree = "<group>"; };
		63F887FC1E23035C008CB04F /* SecondViewController.swift */ = {isa = PBXFileReference; lastKnownFileType = sourcecode.swift; path = SecondViewController.swift; sourceTree = "<group>"; };
		63F887FF1E23035D008CB04F /* Base */ = {isa = PBXFileReference; lastKnownFileType = file.storyboard; name = Base; path = Base.lproj/Main.storyboard; sourceTree = "<group>"; };
		63F888011E23035D008CB04F /* Assets.xcassets */ = {isa = PBXFileReference; lastKnownFileType = folder.assetcatalog; path = Assets.xcassets; sourceTree = "<group>"; };
		63F888041E23035D008CB04F /* Base */ = {isa = PBXFileReference; lastKnownFileType = file.storyboard; name = Base; path = Base.lproj/LaunchScreen.storyboard; sourceTree = "<group>"; };
		63F888061E23035D008CB04F /* Info.plist */ = {isa = PBXFileReference; lastKnownFileType = text.plist.xml; path = Info.plist; sourceTree = "<group>"; };
		63F8880B1E23035D008CB04F /* MyBandTests.xctest */ = {isa = PBXFileReference; explicitFileType = wrapper.cfbundle; includeInIndex = 0; path = MyBandTests.xctest; sourceTree = BUILT_PRODUCTS_DIR; };
		63F8880F1E23035D008CB04F /* MyBandTests.swift */ = {isa = PBXFileReference; lastKnownFileType = sourcecode.swift; path = MyBandTests.swift; sourceTree = "<group>"; };
		63F888111E23035D008CB04F /* Info.plist */ = {isa = PBXFileReference; lastKnownFileType = text.plist.xml; path = Info.plist; sourceTree = "<group>"; };
		63F888161E23035D008CB04F /* MyBandUITests.xctest */ = {isa = PBXFileReference; explicitFileType = wrapper.cfbundle; includeInIndex = 0; path = MyBandUITests.xctest; sourceTree = BUILT_PRODUCTS_DIR; };
		63F8881A1E23035D008CB04F /* MyBandUITests.swift */ = {isa = PBXFileReference; lastKnownFileType = sourcecode.swift; path = MyBandUITests.swift; sourceTree = "<group>"; };
		63F8881C1E23035D008CB04F /* Info.plist */ = {isa = PBXFileReference; lastKnownFileType = text.plist.xml; path = Info.plist; sourceTree = "<group>"; };
/* End PBXFileReference section */

/* Begin PBXFrameworksBuildPhase section */
		63F887F21E23035C008CB04F /* Frameworks */ = {
			isa = PBXFrameworksBuildPhase;
			buildActionMask = 2147483647;
			files = (
			);
			runOnlyForDeploymentPostprocessing = 0;
		};
		63F888081E23035D008CB04F /* Frameworks */ = {
			isa = PBXFrameworksBuildPhase;
			buildActionMask = 2147483647;
			files = (
			);
			runOnlyForDeploymentPostprocessing = 0;
		};
		63F888131E23035D008CB04F /* Frameworks */ = {
			isa = PBXFrameworksBuildPhase;
			buildActionMask = 2147483647;
			files = (
			);
			runOnlyForDeploymentPostprocessing = 0;
		};
/* End PBXFrameworksBuildPhase section */

/* Begin PBXGroup section */
		63F887EC1E23035C008CB04F = {
			isa = PBXGroup;
			children = (
				63F887F71E23035C008CB04F /* MyBand */,
				63F8880E1E23035D008CB04F /* MyBandTests */,
				63F888191E23035D008CB04F /* MyBandUITests */,
				63F887F61E23035C008CB04F /* Products */,
			);
			sourceTree = "<group>";
		};
		63F887F61E23035C008CB04F /* Products */ = {
			isa = PBXGroup;
			children = (
				63F887F51E23035C008CB04F /* MyBand.app */,
				63F8880B1E23035D008CB04F /* MyBandTests.xctest */,
				63F888161E23035D008CB04F /* MyBandUITests.xctest */,
			);
			name = Products;
			sourceTree = "<group>";
		};
		63F887F71E23035C008CB04F /* MyBand */ = {
			isa = PBXGroup;
			children = (
				63F887F81E23035C008CB04F /* AppDelegate.swift */,
				63F887FA1E23035C008CB04F /* FirstViewController.swift */,
				63F887FC1E23035C008CB04F /* SecondViewController.swift */,
				63F887FE1E23035D008CB04F /* Main.storyboard */,
				63F888011E23035D008CB04F /* Assets.xcassets */,
				63F888031E23035D008CB04F /* LaunchScreen.storyboard */,
				63F888061E23035D008CB04F /* Info.plist */,
			);
			path = MyBand;
			sourceTree = "<group>";
		};
		63F8880E1E23035D008CB04F /* MyBandTests */ = {
			isa = PBXGroup;
			children = (
				63F8880F1E23035D008CB04F /* MyBandTests.swift */,
				63F888111E23035D008CB04F /* Info.plist */,
			);
			path = MyBandTests;
			sourceTree = "<group>";
		};
		63F888191E23035D008CB04F /* MyBandUITests */ = {
			isa = PBXGroup;
			children = (
				63F8881A1E23035D008CB04F /* MyBandUITests.swift */,
				63F8881C1E23035D008CB04F /* Info.plist */,
			);
			path = MyBandUITests;
			sourceTree = "<group>";
		};
/* End PBXGroup section */

/* Begin PBXNativeTarget section */
		63F887F41E23035C008CB04F /* MyBand */ = {
			isa = PBXNativeTarget;
			buildConfigurationList = 63F8881F1E23035D008CB04F /* Build configuration list for PBXNativeTarget "MyBand" */;
			buildPhases = (
				63F887F11E23035C008CB04F /* Sources */,
				63F887F21E23035C008CB04F /* Frameworks */,
				63F887F31E23035C008CB04F /* Resources */,
			);
			buildRules = (
			);
			dependencies = (
			);
			name = MyBand;
			productName = MyBand;
			productReference = 63F887F51E23035C008CB04F /* MyBand.app */;
			productType = "com.apple.product-type.application";
		};
		63F8880A1E23035D008CB04F /* MyBandTests */ = {
			isa = PBXNativeTarget;
			buildConfigurationList = 63F888221E23035D008CB04F /* Build configuration list for PBXNativeTarget "MyBandTests" */;
			buildPhases = (
				63F888071E23035D008CB04F /* Sources */,
				63F888081E23035D008CB04F /* Frameworks */,
				63F888091E23035D008CB04F /* Resources */,
			);
			buildRules = (
			);
			dependencies = (
				63F8880D1E23035D008CB04F /* PBXTargetDependency */,
			);
			name = MyBandTests;
			productName = MyBandTests;
			productReference = 63F8880B1E23035D008CB04F /* MyBandTests.xctest */;
			productType = "com.apple.product-type.bundle.unit-test";
		};
		63F888151E23035D008CB04F /* MyBandUITests */ = {
			isa = PBXNativeTarget;
			buildConfigurationList = 63F888251E23035D008CB04F /* Build configuration list for PBXNativeTarget "MyBandUITests" */;
			buildPhases = (
				63F888121E23035D008CB04F /* Sources */,
				63F888131E23035D008CB04F /* Frameworks */,
				63F888141E23035D008CB04F /* Resources */,
			);
			buildRules = (
			);
			dependencies = (
				63F888181E23035D008CB04F /* PBXTargetDependency */,
			);
			name = MyBandUITests;
			productName = MyBandUITests;
			productReference = 63F888161E23035D008CB04F /* MyBandUITests.xctest */;
			productType = "com.apple.product-type.bundle.ui-testing";
		};
/* End PBXNativeTarget section */

/* Begin PBXProject section */
		63F887ED1E23035C008CB04F /* Project object */ = {
			isa = PBXProject;
			attributes = {
				LastSwiftUpdateCheck = 0820;
				LastUpgradeCheck = 0820;
				ORGANIZATIONNAME = "MyBand Project";
				TargetAttributes = {
					63F887F41E23035C008CB04F = {
						CreatedOnToolsVersion = 8.2.1;
						ProvisioningStyle = Automatic;
					};
					63F8880A1E23035D008CB04F = {
						CreatedOnToolsVersion = 8.2.1;
						ProvisioningStyle = Automatic;
						TestTargetID = 63F887F41E23035C008CB04F;
					};
					63F888151E23035D008CB04F = {
						CreatedOnToolsVersion = 8.2.1;
						ProvisioningStyle = Automatic;
						TestTargetID = 63F887F41E23035C008CB04F;
					};
				};
			};
			buildConfigurationList = 63F887F01E23035C008CB04F /* Build configuration list for PBXProject "MyBand" */;
			compatibilityVersion = "Xcode 3.2";
			developmentRegion = English;
			hasScannedForEncodings = 0;
			knownRegions = (
				en,
				Base,
			);
			mainGroup = 63F887EC1E23035C008CB04F;
			productRefGroup = 63F887F61E23035C008CB04F /* Products */;
			projectDirPath = "";
			projectRoot = "";
			targets = (
				63F887F41E23035C008CB04F /* MyBand */,
				63F8880A1E23035D008CB04F /* MyBandTests */,
				63F888151E23035D008CB04F /* MyBandUITests */,
			);
		};
/* End PBXProject section */

/* Begin PBXResourcesBuildPhase section */
		63F887F31E23035C008CB04F /* Resources */ = {
			isa = PBXResourcesBuildPhase;
			buildActionMask = 2147483647;
			files = (
				63F888051E23035D008CB04F /* LaunchScreen.storyboard in Resources */,
				63F888021E23035D008CB04F /* Assets.xcassets in Resources */,
				63F888001E23035D008CB04F /* Main.storyboard in Resources */,
			);
			runOnlyForDeploymentPostprocessing = 0;
		};
		63F888091E23035D008CB04F /* Resources */ = {
			isa = PBXResourcesBuildPhase;
			buildActionMask = 2147483647;
			files = (
			);
			runOnlyForDeploymentPostprocessing = 0;
		};
		63F888141E23035D008CB04F /* Resources */ = {
			isa = PBXResourcesBuildPhase;
			buildActionMask = 2147483647;
			files = (
			);
			runOnlyForDeploymentPostprocessing = 0;
		};
/* End PBXResourcesBuildPhase section */

/* Begin PBXSourcesBuildPhase section */
		63F887F11E23035C008CB04F /* Sources */ = {
			isa = PBXSourcesBuildPhase;
			buildActionMask = 2147483647;
			files = (
				63F887FD1E23035C008CB04F /* SecondViewController.swift in Sources */,
				63F887F91E23035C008CB04F /* AppDelegate.swift in Sources */,
				63F887FB1E23035C008CB04F /* FirstViewController.swift in Sources */,
			);
			runOnlyForDeploymentPostprocessing = 0;
		};
		63F888071E23035D008CB04F /* Sources */ = {
			isa = PBXSourcesBuildPhase;
			buildActionMask = 2147483647;
			files = (
				63F888101E23035D008CB04F /* MyBandTests.swift in Sources */,
			);
			runOnlyForDeploymentPostprocessing = 0;
		};
		63F888121E23035D008CB04F /* Sources */ = {
			isa = PBXSourcesBuildPhase;
			buildActionMask = 2147483647;
			files = (
				63F8881B1E23035D008CB04F /* MyBandUITests.swift in Sources */,
			);
			runOnlyForDeploymentPostprocessing = 0;
		};
/* End PBXSourcesBuildPhase section */

/* Begin PBXTargetDependency section */
		63F8880D1E23035D008CB04F /* PBXTargetDependency */ = {
			isa = PBXTargetDependency;
			target = 63F887F41E23035C008CB04F /* MyBand */;
			targetProxy = 63F8880C1E23035D008CB04F /* PBXContainerItemProxy */;
		};
		63F888181E23035D008CB04F /* PBXTargetDependency */ = {
			isa = PBXTargetDependency;
			target = 63F887F41E23035C008CB04F /* MyBand */;
			targetProxy = 63F888171E23035D008CB04F /* PBXContainerItemProxy */;
		};
/* End PBXTargetDependency section */

/* Begin PBXVariantGroup section */
		63F887FE1E23035D008CB04F /* Main.storyboard */ = {
			isa = PBXVariantGroup;
			children = (
				63F887FF1E23035D008CB04F /* Base */,
			);
			name = Main.storyboard;
			sourceTree = "<group>";
		};
		63F888031E23035D008CB04F /* LaunchScreen.storyboard */ = {
			isa = PBXVariantGroup;
			children = (
				63F888041E23035D008CB04F /* Base */,
			);
			name = LaunchScreen.storyboard;
			sourceTree = "<group>";
		};
/* End PBXVariantGroup section */

/* Begin XCBuildConfiguration section */
		63F8881D1E23035D008CB04F /* Debug */ = {
			isa = XCBuildConfiguration;
			buildSettings = {
				ALWAYS_SEARCH_USER_PATHS = NO;
				CLANG_ANALYZER_NONNULL = YES;
				CLANG_CXX_LANGUAGE_STANDARD = "gnu++0x";
				CLANG_CXX_LIBRARY = "libc++";
				CLANG_ENABLE_MODULES = YES;
				CLANG_ENABLE_OBJC_ARC = YES;
				CLANG_WARN_BOOL_CONVERSION = YES;
				CLANG_WARN_CONSTANT_CONVERSION = YES;
				CLANG_WARN_DIRECT_OBJC_ISA_USAGE = YES_ERROR;
				CLANG_WARN_DOCUMENTATION_COMMENTS = YES;
				CLANG_WARN_EMPTY_BODY = YES;
				CLANG_WARN_ENUM_CONVERSION = YES;
				CLANG_WARN_INFINITE_RECURSION = YES;
				CLANG_WARN_INT_CONVERSION = YES;
				CLANG_WARN_OBJC_ROOT_CLASS = YES_ERROR;
				CLANG_WARN_SUSPICIOUS_MOVE = YES;
				CLANG_WARN_UNREACHABLE_CODE = YES;
				CLANG_WARN__DUPLICATE_METHOD_MATCH = YES;
				"CODE_SIGN_IDENTITY[sdk=iphoneos*]" = "iPhone Developer";
				COPY_PHASE_STRIP = NO;
				DEBUG_INFORMATION_FORMAT = dwarf;
				ENABLE_STRICT_OBJC_MSGSEND = YES;
				ENABLE_TESTABILITY = YES;
				GCC_C_LANGUAGE_STANDARD = gnu99;
				GCC_DYNAMIC_NO_PIC = NO;
				GCC_NO_COMMON_BLOCKS = YES;
				GCC_OPTIMIZATION_LEVEL = 0;
				GCC_PREPROCESSOR_DEFINITIONS = (
					"DEBUG=1",
					"$(inherited)",
				);
				GCC_WARN_64_TO_32_BIT_CONVERSION = YES;
				GCC_WARN_ABOUT_RETURN_TYPE = YES_ERROR;
				GCC_WARN_UNDECLARED_SELECTOR = YES;
				GCC_WARN_UNINITIALIZED_AUTOS = YES_AGGRESSIVE;
				GCC_WARN_UNUSED_FUNCTION = YES;
				GCC_WARN_UNUSED_VARIABLE = YES;
				IPHONEOS_DEPLOYMENT_TARGET = 10.2;
				MTL_ENABLE_DEBUG_INFO = YES;
				ONLY_ACTIVE_ARCH = YES;
				SDKROOT = iphoneos;
				SWIFT_ACTIVE_COMPILATION_CONDITIONS = DEBUG;
				SWIFT_OPTIMIZATION_LEVEL = "-Onone";
				TARGETED_DEVICE_FAMILY = "1,2";
			};
			name = Debug;
		};
		63F8881E1E23035D008CB04F /* Release */ = {
			isa = XCBuildConfiguration;
			buildSettings = {
				ALWAYS_SEARCH_USER_PATHS = NO;
				CLANG_ANALYZER_NONNULL = YES;
				CLANG_CXX_LANGUAGE_STANDARD = "gnu++0x";
				CLANG_CXX_LIBRARY = "libc++";
				CLANG_ENABLE_MODULES = YES;
				CLANG_ENABLE_OBJC_ARC = YES;
				CLANG_WARN_BOOL_CONVERSION = YES;
				CLANG_WARN_CONSTANT_CONVERSION = YES;
				CLANG_WARN_DIRECT_OBJC_ISA_USAGE = YES_ERROR;
				CLANG_WARN_DOCUMENTATION_COMMENTS = YES;
				CLANG_WARN_EMPTY_BODY = YES;
				CLANG_WARN_ENUM_CONVERSION = YES;
				CLANG_WARN_INFINITE_RECURSION = YES;
				CLANG_WARN_INT_CONVERSION = YES;
				CLANG_WARN_OBJC_ROOT_CLASS = YES_ERROR;
				CLANG_WARN_SUSPICIOUS_MOVE = YES;
				CLANG_WARN_UNREACHABLE_CODE = YES;
				CLANG_WARN__DUPLICATE_METHOD_MATCH = YES;
				"CODE_SIGN_IDENTITY[sdk=iphoneos*]" = "iPhone Developer";
				COPY_PHASE_STRIP = NO;
				DEBUG_INFORMATION_FORMAT = "dwarf-with-dsym";
				ENABLE_NS_ASSERTIONS = NO;
				ENABLE_STRICT_OBJC_MSGSEND = YES;
				GCC_C_LANGUAGE_STANDARD = gnu99;
				GCC_NO_COMMON_BLOCKS = YES;
				GCC_WARN_64_TO_32_BIT_CONVERSION = YES;
				GCC_WARN_ABOUT_RETURN_TYPE = YES_ERROR;
				GCC_WARN_UNDECLARED_SELECTOR = YES;
				GCC_WARN_UNINITIALIZED_AUTOS = YES_AGGRESSIVE;
				GCC_WARN_UNUSED_FUNCTION = YES;
				GCC_WARN_UNUSED_VARIABLE = YES;
				IPHONEOS_DEPLOYMENT_TARGET = 10.2;
				MTL_ENABLE_DEBUG_INFO = NO;
				SDKROOT = iphoneos;
				SWIFT_OPTIMIZATION_LEVEL = "-Owholemodule";
				TARGETED_DEVICE_FAMILY = "1,2";
				VALIDATE_PRODUCT = YES;
			};
			name = Release;
		};
		63F888201E23035D008CB04F /* Debug */ = {
			isa = XCBuildConfiguration;
			buildSettings = {
				ASSETCATALOG_COMPILER_APPICON_NAME = AppIcon;
				INFOPLIST_FILE = MyBand/Info.plist;
				LD_RUNPATH_SEARCH_PATHS = "$(inherited) @executable_path/Frameworks";
				PRODUCT_BUNDLE_IDENTIFIER = com.myband.MyBand;
				PRODUCT_NAME = "$(TARGET_NAME)";
				SWIFT_VERSION = 3.0;
			};
			name = Debug;
		};
		63F888211E23035D008CB04F /* Release */ = {
			isa = XCBuildConfiguration;
			buildSettings = {
				ASSETCATALOG_COMPILER_APPICON_NAME = AppIcon;
				INFOPLIST_FILE = MyBand/Info.plist;
				LD_RUNPATH_SEARCH_PATHS = "$(inherited) @executable_path/Frameworks";
				PRODUCT_BUNDLE_IDENTIFIER = com.myband.MyBand;
				PRODUCT_NAME = "$(TARGET_NAME)";
				SWIFT_VERSION = 3.0;
			};
			name = Release;
		};
		63F888231E23035D008CB04F /* Debug */ = {
			isa = XCBuildConfiguration;
			buildSettings = {
				ALWAYS_EMBED_SWIFT_STANDARD_LIBRARIES = YES;
				BUNDLE_LOADER = "$(TEST_HOST)";
				INFOPLIST_FILE = MyBandTests/Info.plist;
				LD_RUNPATH_SEARCH_PATHS = "$(inherited) @executable_path/Frameworks @loader_path/Frameworks";
				PRODUCT_BUNDLE_IDENTIFIER = com.myband.MyBandTests;
				PRODUCT_NAME = "$(TARGET_NAME)";
				SWIFT_VERSION = 3.0;
				TEST_HOST = "$(BUILT_PRODUCTS_DIR)/MyBand.app/MyBand";
			};
			name = Debug;
		};
		63F888241E23035D008CB04F /* Release */ = {
			isa = XCBuildConfiguration;
			buildSettings = {
				ALWAYS_EMBED_SWIFT_STANDARD_LIBRARIES = YES;
				BUNDLE_LOADER = "$(TEST_HOST)";
				INFOPLIST_FILE = MyBandTests/Info.plist;
				LD_RUNPATH_SEARCH_PATHS = "$(inherited) @executable_path/Frameworks @loader_path/Frameworks";
				PRODUCT_BUNDLE_IDENTIFIER = com.myband.MyBandTests;
				PRODUCT_NAME = "$(TARGET_NAME)";
				SWIFT_VERSION = 3.0;
				TEST_HOST = "$(BUILT_PRODUCTS_DIR)/MyBand.app/MyBand";
			};
			name = Release;
		};
		63F888261E23035D008CB04F /* Debug */ = {
			isa = XCBuildConfiguration;
			buildSettings = {
				ALWAYS_EMBED_SWIFT_STANDARD_LIBRARIES = YES;
				INFOPLIST_FILE = MyBandUITests/Info.plist;
				LD_RUNPATH_SEARCH_PATHS = "$(inherited) @executable_path/Frameworks @loader_path/Frameworks";
				PRODUCT_BUNDLE_IDENTIFIER = com.myband.MyBandUITests;
				PRODUCT_NAME = "$(TARGET_NAME)";
				SWIFT_VERSION = 3.0;
				TEST_TARGET_NAME = MyBand;
			};
			name = Debug;
		};
		63F888271E23035D008CB04F /* Release */ = {
			isa = XCBuildConfiguration;
			buildSettings = {
				ALWAYS_EMBED_SWIFT_STANDARD_LIBRARIES = YES;
				INFOPLIST_FILE = MyBandUITests/Info.plist;
				LD_RUNPATH_SEARCH_PATHS = "$(inherited) @executable_path/Frameworks @loader_path/Frameworks";
				PRODUCT_BUNDLE_IDENTIFIER = com.myband.MyBandUITests;
				PRODUCT_NAME = "$(TARGET_NAME)";
				SWIFT_VERSION = 3.0;
				TEST_TARGET_NAME = MyBand;
			};
			name = Release;
		};
/* End XCBuildConfiguration section */

/* Begin XCConfigurationList section */
		63F887F01E23035C008CB04F /* Build configuration list for PBXProject "MyBand" */ = {
			isa = XCConfigurationList;
			buildConfigurations = (
				63F8881D1E23035D008CB04F /* Debug */,
				63F8881E1E23035D008CB04F /* Release */,
			);
			defaultConfigurationIsVisible = 0;
			defaultConfigurationName = Release;
		};
		63F8881F1E23035D008CB04F /* Build configuration list for PBXNativeTarget "MyBand" */ = {
			isa = XCConfigurationList;
			buildConfigurations = (
				63F888201E23035D008CB04F /* Debug */,
				63F888211E23035D008CB04F /* Release */,
			);
			defaultConfigurationIsVisible = 0;
		};
		63F888221E23035D008CB04F /* Build configuration list for PBXNativeTarget "MyBandTests" */ = {
			isa = XCConfigurationList;
			buildConfigurations = (
				63F888231E23035D008CB04F /* Debug */,
				63F888241E23035D008CB04F /* Release */,
			);
			defaultConfigurationIsVisible = 0;
		};
		63F888251E23035D008CB04F /* Build configuration list for PBXNativeTarget "MyBandUITests" */ = {
			isa = XCConfigurationList;
			buildConfigurations = (
				63F888261E23035D008CB04F /* Debug */,
				63F888271E23035D008CB04F /* Release */,
			);
			defaultConfigurationIsVisible = 0;
		};
/* End XCConfigurationList section */
	};
	rootObject = 63F887ED1E23035C008CB04F /* Project object */;
}
